# AUTO-GENERATED by vd. Do not edit.
generated = '2026-09-02T14:07:29Z'

[skills]
[skills.browser]
sha = 'b2ae7283497efec71533d292b19b874dd9d0fc4e'
tree_hash = '4af4dda3fe9286bfc9334ae7be2b12164fdb5c2e920f547970ed48e34b36eddd'
source = 'https://github.com/browserbase/skills'
path = 'skills/browser'
size = 28836
mtime = '2026-05-19T02:36:42Z'

[skills.browser-trace]
sha = 'b2ae7283497efec71533d292b19b874dd9d0fc4e'
tree_hash = '1a0e25d1c0495839017969ac175f443bd984172f80b46484ae22d6b47374c21d'
source = 'https://github.com/browserbase/skills'
path = 'skills/browser-trace'
size = 80526
mtime = '2026-05-19T02:36:41Z'

[skills.ego-browser]
sha = '5ca3c36cba2240b8df2e22ba32127747029039d5'
tree_hash = 'f8d00698d29c36739bd9e22e6b3b22a46854e240c12191ccb48a4c0deffb1af7'
source = 'https://github.com/citrolabs/ego-lite'
path = 'skills/ego-browser'
size = 51415
mtime = '2026-09-02T14:07:29Z'

[skills.open-code-review]
sha = '4b3f41df10175de8b32754a2289fa7a28f4503ae'
tree_hash = '4b5061b24c35c34258b168c02078cb170c808941cd13dd994fa071e2326ffdc5'
source = 'https://github.com/alibaba/open-code-review'
path = 'skills/open-code-review'
size = 8936
mtime = '2026-06-14T19:19:22Z'
