# AUTO-GENERATED by vd. Do not edit.
generated = '2026-05-05T02:51:12Z'

[skills]
[skills.browser]
sha = '2a3bbb3b8b19bef0ebdbf0af0a6c8a7667f61dd6'
tree_hash = 'a77fc5b665b00d314a20ae328d70626637b05a408896026931ab28497610b1d0'
source = 'https://github.com/browserbase/skills'
path = 'skills/browser'
size = 29014
mtime = '2026-05-05T02:51:10Z'

[skills.browser-trace]
sha = '2a3bbb3b8b19bef0ebdbf0af0a6c8a7667f61dd6'
tree_hash = '4ef444b2755183567d9118d82a26f252ef7d9f073152e589779667c0061cb92b'
source = 'https://github.com/browserbase/skills'
path = 'skills/browser-trace'
size = 79026
mtime = '2026-05-05T02:51:12Z'
