# AUTO-GENERATED by vd. Do not edit.
generated = '2026-05-13T01:13:14Z'

[skills]
[skills.browser]
sha = 'fe47672c40f7c805d84c1123dd424fc147ad0188'
tree_hash = 'a77fc5b665b00d314a20ae328d70626637b05a408896026931ab28497610b1d0'
source = 'https://github.com/browserbase/skills'
path = 'skills/browser'
size = 29014
mtime = '2026-05-13T01:02:53Z'

[skills.browser-trace]
sha = 'fe47672c40f7c805d84c1123dd424fc147ad0188'
tree_hash = '4ef444b2755183567d9118d82a26f252ef7d9f073152e589779667c0061cb92b'
source = 'https://github.com/browserbase/skills'
path = 'skills/browser-trace'
size = 79026
mtime = '2026-05-13T01:02:54Z'
